
Microsoft Visual Studio Solution File, Format Version 12.00
# Visual Studio Version 16
VisualStudioVersion = 16.0.29215.179
MinimumVisualStudioVersion = 10.0.40219.1
Project("{9A19103F-16F7-4668-BE54-9A1E7A4F7556}") = "Dakata", "Dakata\Dakata.csproj", "{C882524B-2421-4ED3-8291-78B8CC806357}"
EndProject
Project("{9A19103F-16F7-4668-BE54-9A1E7A4F7556}") = "Dakata.Examples", "Dakata.Examples\Dakata.Examples.csproj", "{4074B75C-BD74-466A-8295-F8CBB98673A7}"
EndProject
Project("{9A19103F-16F7-4668-BE54-9A1E7A4F7556}") = "Dakata.MySql", "Dakata.MySql\Dakata.MySql.csproj", "{3CC5FEF5-D79F-4758-A891-CD4A3D8CDCAE}"
EndProject
Project("{9A19103F-16F7-4668-BE54-9A1E7A4F7556}") = "Dakata.SqlServer", "Dakata.SqlServer\Dakata.SqlServer.csproj", "{C397BC39-614F-45FC-B59A-3903C35DDCE7}"
EndProject
Global
	GlobalSection(SolutionConfigurationPlatforms) = preSolution
		Debug|Any CPU = Debug|Any CPU
		Release|Any CPU = Release|Any CPU
	EndGlobalSection
	GlobalSection(ProjectConfigurationPlatforms) = postSolution
		{C882524B-2421-4ED3-8291-78B8CC806357}.Debug|Any CPU.ActiveCfg = Debug|Any CPU
		{C882524B-2421-4ED3-8291-78B8CC806357}.Debug|Any CPU.Build.0 = Debug|Any CPU
		{C882524B-2421-4ED3-8291-78B8CC806357}.Release|Any CPU.ActiveCfg = Release|Any CPU
		{C882524B-2421-4ED3-8291-78B8CC806357}.Release|Any CPU.Build.0 = Release|Any CPU
		{4074B75C-BD74-466A-8295-F8CBB98673A7}.Debug|Any CPU.ActiveCfg = Debug|Any CPU
		{4074B75C-BD74-466A-8295-F8CBB98673A7}.Debug|Any CPU.Build.0 = Debug|Any CPU
		{4074B75C-BD74-466A-8295-F8CBB98673A7}.Release|Any CPU.ActiveCfg = Release|Any CPU
		{4074B75C-BD74-466A-8295-F8CBB98673A7}.Release|Any CPU.Build.0 = Release|Any CPU
		{3CC5FEF5-D79F-4758-A891-CD4A3D8CDCAE}.Debug|Any CPU.ActiveCfg = Debug|Any CPU
		{3CC5FEF5-D79F-4758-A891-CD4A3D8CDCAE}.Debug|Any CPU.Build.0 = Debug|Any CPU
		{3CC5FEF5-D79F-4758-A891-CD4A3D8CDCAE}.Release|Any CPU.ActiveCfg = Release|Any CPU
		{3CC5FEF5-D79F-4758-A891-CD4A3D8CDCAE}.Release|Any CPU.Build.0 = Release|Any CPU
		{C397BC39-614F-45FC-B59A-3903C35DDCE7}.Debug|Any CPU.ActiveCfg = Debug|Any CPU
		{C397BC39-614F-45FC-B59A-3903C35DDCE7}.Debug|Any CPU.Build.0 = Debug|Any CPU
		{C397BC39-614F-45FC-B59A-3903C35DDCE7}.Release|Any CPU.ActiveCfg = Release|Any CPU
		{C397BC39-614F-45FC-B59A-3903C35DDCE7}.Release|Any CPU.Build.0 = Release|Any CPU
	EndGlobalSection
	GlobalSection(SolutionProperties) = preSolution
		HideSolutionNode = FALSE
	EndGlobalSection
	GlobalSection(ExtensibilityGlobals) = postSolution
		SolutionGuid = {287BD90E-DDCD-4687-9EAB-D0CF2C058F60}
	EndGlobalSection
EndGlobal
