
Microsoft Visual Studio Solution File, Format Version 12.00
# Visual Studio 15
Project("{FAE04EC0-301F-11D3-BF4B-00C04F79EFBC}") = "Dakata", "Dakata\Dakata.csproj", "{C882524B-2421-4ED3-8291-78B8CC806357}"
EndProject
Project("{FAE04EC0-301F-11D3-BF4B-00C04F79EFBC}") = "Dakata.Example", "Dakata.Example\Dakata.Example.csproj", "{4074B75C-BD74-466A-8295-F8CBB98673A7}"
EndProject
Global
	GlobalSection(SolutionConfigurationPlatforms) = preSolution
		Debug|Any CPU = Debug|Any CPU
		Release|Any CPU = Release|Any CPU
	EndGlobalSection
	GlobalSection(ProjectConfigurationPlatforms) = postSolution
		{C882524B-2421-4ED3-8291-78B8CC806357}.Debug|Any CPU.ActiveCfg = Debug|Any CPU
		{C882524B-2421-4ED3-8291-78B8CC806357}.Debug|Any CPU.Build.0 = Debug|Any CPU
		{C882524B-2421-4ED3-8291-78B8CC806357}.Release|Any CPU.ActiveCfg = Release|Any CPU
		{C882524B-2421-4ED3-8291-78B8CC806357}.Release|Any CPU.Build.0 = Release|Any CPU
		{4074B75C-BD74-466A-8295-F8CBB98673A7}.Debug|Any CPU.ActiveCfg = Debug|Any CPU
		{4074B75C-BD74-466A-8295-F8CBB98673A7}.Debug|Any CPU.Build.0 = Debug|Any CPU
		{4074B75C-BD74-466A-8295-F8CBB98673A7}.Release|Any CPU.ActiveCfg = Release|Any CPU
		{4074B75C-BD74-466A-8295-F8CBB98673A7}.Release|Any CPU.Build.0 = Release|Any CPU
	EndGlobalSection
EndGlobal
